
Microsoft Visual Studio Solution File, Format Version 12.00
# Visual Studio 14
VisualStudioVersion = 14.0.25420.1
MinimumVisualStudioVersion = 10.0.40219.1
Project("{FAE04EC0-301F-11D3-BF4B-00C04F79EFBC}") = "EasyEF", "EasyEF\EasyEF.csproj", "{63996D96-A019-4F4B-8B8F-E3E837CA127B}"
EndProject
Project("{FAE04EC0-301F-11D3-BF4B-00C04F79EFBC}") = "SHGenerator", "SHGenerator\SHGenerator.csproj", "{3D487FD7-2C95-44C5-AD02-1F7693D72E8B}"
EndProject
Global
	GlobalSection(SolutionConfigurationPlatforms) = preSolution
		Debug|Any CPU = Debug|Any CPU
		Release|Any CPU = Release|Any CPU
	EndGlobalSection
	GlobalSection(ProjectConfigurationPlatforms) = postSolution
		{63996D96-A019-4F4B-8B8F-E3E837CA127B}.Debug|Any CPU.ActiveCfg = Debug|Any CPU
		{63996D96-A019-4F4B-8B8F-E3E837CA127B}.Debug|Any CPU.Build.0 = Debug|Any CPU
		{63996D96-A019-4F4B-8B8F-E3E837CA127B}.Release|Any CPU.ActiveCfg = Release|Any CPU
		{63996D96-A019-4F4B-8B8F-E3E837CA127B}.Release|Any CPU.Build.0 = Release|Any CPU
		{3D487FD7-2C95-44C5-AD02-1F7693D72E8B}.Debug|Any CPU.ActiveCfg = Debug|Any CPU
		{3D487FD7-2C95-44C5-AD02-1F7693D72E8B}.Debug|Any CPU.Build.0 = Debug|Any CPU
		{3D487FD7-2C95-44C5-AD02-1F7693D72E8B}.Release|Any CPU.ActiveCfg = Release|Any CPU
		{3D487FD7-2C95-44C5-AD02-1F7693D72E8B}.Release|Any CPU.Build.0 = Release|Any CPU
	EndGlobalSection
	GlobalSection(SolutionProperties) = preSolution
		HideSolutionNode = FALSE
	EndGlobalSection
EndGlobal
